
Microsoft Visual Studio Solution File, Format Version 12.00
# Visual Studio 15
VisualStudioVersion = 15.0.26730.8
MinimumVisualStudioVersion = 10.0.40219.1
Project("{9A19103F-16F7-4668-BE54-9A1E7A4F7556}") = "Hstar.Wechat.Pay", "Hstar.Wechat.Pay\Hstar.Wechat.Pay.csproj", "{FA7938A6-E764-44FB-B126-C4612B0C9F4D}"
EndProject
Project("{2150E333-8FDC-42A3-9474-1A3956D46DE8}") = "Other", "Other", "{3CA53945-54A4-4DF8-B5CB-3361FF19E658}"
	ProjectSection(SolutionItems) = preProject
		.gitignore = .gitignore
		README.md = README.md
	EndProjectSection
EndProject
Project("{FAE04EC0-301F-11D3-BF4B-00C04F79EFBC}") = "Hstar.Wechat.Pay.Tests", "Hstar.Wechat.Pay.Tests\Hstar.Wechat.Pay.Tests.csproj", "{7C4E8C85-A9C9-414D-8984-52CA124B0054}"
EndProject
Global
	GlobalSection(SolutionConfigurationPlatforms) = preSolution
		Debug|Any CPU = Debug|Any CPU
		Release|Any CPU = Release|Any CPU
	EndGlobalSection
	GlobalSection(ProjectConfigurationPlatforms) = postSolution
		{FA7938A6-E764-44FB-B126-C4612B0C9F4D}.Debug|Any CPU.ActiveCfg = Debug|Any CPU
		{FA7938A6-E764-44FB-B126-C4612B0C9F4D}.Debug|Any CPU.Build.0 = Debug|Any CPU
		{FA7938A6-E764-44FB-B126-C4612B0C9F4D}.Release|Any CPU.ActiveCfg = Release|Any CPU
		{FA7938A6-E764-44FB-B126-C4612B0C9F4D}.Release|Any CPU.Build.0 = Release|Any CPU
		{7C4E8C85-A9C9-414D-8984-52CA124B0054}.Debug|Any CPU.ActiveCfg = Debug|Any CPU
		{7C4E8C85-A9C9-414D-8984-52CA124B0054}.Debug|Any CPU.Build.0 = Debug|Any CPU
		{7C4E8C85-A9C9-414D-8984-52CA124B0054}.Release|Any CPU.ActiveCfg = Release|Any CPU
		{7C4E8C85-A9C9-414D-8984-52CA124B0054}.Release|Any CPU.Build.0 = Release|Any CPU
	EndGlobalSection
	GlobalSection(SolutionProperties) = preSolution
		HideSolutionNode = FALSE
	EndGlobalSection
	GlobalSection(ExtensibilityGlobals) = postSolution
		SolutionGuid = {0058731E-4FD2-4A14-9B5F-E94BC0A31C6E}
	EndGlobalSection
EndGlobal
